
Microsoft Visual Studio Solution File, Format Version 12.00
# Visual Studio 14
VisualStudioVersion = 14.0.23107.0
MinimumVisualStudioVersion = 10.0.40219.1
Project("{FAE04EC0-301F-11D3-BF4B-00C04F79EFBC}") = "ITStudySearch", "ITStudySearch\ITStudySearch\ITStudySearch.csproj", "{0023026F-6EC3-440E-95E8-E0F8474AF50F}"
EndProject
Project("{FAE04EC0-301F-11D3-BF4B-00C04F79EFBC}") = "ITStudySearch.iOS", "ITStudySearch\ITStudySearch.iOS\ITStudySearch.iOS.csproj", "{4E597702-BD96-40CA-A465-2D23D5492E50}"
EndProject
Project("{FAE04EC0-301F-11D3-BF4B-00C04F79EFBC}") = "ITStudySearch.Droid", "ITStudySearch\ITStudySearch.Droid\ITStudySearch.Droid.csproj", "{A5AE6530-E592-45A5-97E9-E99F4E1DDA98}"
EndProject
Project("{FAE04EC0-301F-11D3-BF4B-00C04F79EFBC}") = "ITStudySearch.WinPhone", "ITStudySearch\ITStudySearch.WinPhone\ITStudySearch.WinPhone.csproj", "{AD64AD72-FC89-4505-861D-1665E32B9867}"
EndProject
Project("{FAE04EC0-301F-11D3-BF4B-00C04F79EFBC}") = "ITStudySearch.WinPhone81", "ITStudySearch\ITStudySearch.WinPhone81\ITStudySearch.WinPhone81.csproj", "{483B9EC0-BCC0-4DDC-9DD7-B13FFFC61663}"
EndProject
Project("{FAE04EC0-301F-11D3-BF4B-00C04F79EFBC}") = "ITStudySearch.UWP", "ITStudySearch\ITStudySearch.UWP\ITStudySearch.UWP.csproj", "{70EA53A0-87A1-4538-B107-8BFA550F38F6}"
EndProject
Global
	GlobalSection(SolutionConfigurationPlatforms) = preSolution
		Ad-Hoc|Any CPU = Ad-Hoc|Any CPU
		Ad-Hoc|ARM = Ad-Hoc|ARM
		Ad-Hoc|iPhone = Ad-Hoc|iPhone
		Ad-Hoc|iPhoneSimulator = Ad-Hoc|iPhoneSimulator
		Ad-Hoc|Mixed Platforms = Ad-Hoc|Mixed Platforms
		Ad-Hoc|x64 = Ad-Hoc|x64
		Ad-Hoc|x86 = Ad-Hoc|x86
		AppStore|Any CPU = AppStore|Any CPU
		AppStore|ARM = AppStore|ARM
		AppStore|iPhone = AppStore|iPhone
		AppStore|iPhoneSimulator = AppStore|iPhoneSimulator
		AppStore|Mixed Platforms = AppStore|Mixed Platforms
		AppStore|x64 = AppStore|x64
		AppStore|x86 = AppStore|x86
		Debug|Any CPU = Debug|Any CPU
		Debug|ARM = Debug|ARM
		Debug|iPhone = Debug|iPhone
		Debug|iPhoneSimulator = Debug|iPhoneSimulator
		Debug|Mixed Platforms = Debug|Mixed Platforms
		Debug|x64 = Debug|x64
		Debug|x86 = Debug|x86
		Release|Any CPU = Release|Any CPU
		Release|ARM = Release|ARM
		Release|iPhone = Release|iPhone
		Release|iPhoneSimulator = Release|iPhoneSimulator
		Release|Mixed Platforms = Release|Mixed Platforms
		Release|x64 = Release|x64
		Release|x86 = Release|x86
	EndGlobalSection
	GlobalSection(ProjectConfigurationPlatforms) = postSolution
		{0023026F-6EC3-440E-95E8-E0F8474AF50F}.Ad-Hoc|Any CPU.ActiveCfg = Release|Any CPU
		{0023026F-6EC3-440E-95E8-E0F8474AF50F}.Ad-Hoc|Any CPU.Build.0 = Release|Any CPU
		{0023026F-6EC3-440E-95E8-E0F8474AF50F}.Ad-Hoc|ARM.ActiveCfg = Release|Any CPU
		{0023026F-6EC3-440E-95E8-E0F8474AF50F}.Ad-Hoc|iPhone.ActiveCfg = Release|Any CPU
		{0023026F-6EC3-440E-95E8-E0F8474AF50F}.Ad-Hoc|iPhoneSimulator.ActiveCfg = Release|Any CPU
		{0023026F-6EC3-440E-95E8-E0F8474AF50F}.Ad-Hoc|Mixed Platforms.ActiveCfg = Release|Any CPU
		{0023026F-6EC3-440E-95E8-E0F8474AF50F}.Ad-Hoc|Mixed Platforms.Build.0 = Release|Any CPU
		{0023026F-6EC3-440E-95E8-E0F8474AF50F}.Ad-Hoc|x64.ActiveCfg = Debug|Any CPU
		{0023026F-6EC3-440E-95E8-E0F8474AF50F}.Ad-Hoc|x64.Build.0 = Debug|Any CPU
		{0023026F-6EC3-440E-95E8-E0F8474AF50F}.Ad-Hoc|x86.ActiveCfg = Release|Any CPU
		{0023026F-6EC3-440E-95E8-E0F8474AF50F}.AppStore|Any CPU.ActiveCfg = Release|Any CPU
		{0023026F-6EC3-440E-95E8-E0F8474AF50F}.AppStore|Any CPU.Build.0 = Release|Any CPU
		{0023026F-6EC3-440E-95E8-E0F8474AF50F}.AppStore|ARM.ActiveCfg = Release|Any CPU
		{0023026F-6EC3-440E-95E8-E0F8474AF50F}.AppStore|iPhone.ActiveCfg = Release|Any CPU
		{0023026F-6EC3-440E-95E8-E0F8474AF50F}.AppStore|iPhoneSimulator.ActiveCfg = Release|Any CPU
		{0023026F-6EC3-440E-95E8-E0F8474AF50F}.AppStore|Mixed Platforms.ActiveCfg = Release|Any CPU
		{0023026F-6EC3-440E-95E8-E0F8474AF50F}.AppStore|Mixed Platforms.Build.0 = Release|Any CPU
		{0023026F-6EC3-440E-95E8-E0F8474AF50F}.AppStore|x64.ActiveCfg = Debug|Any CPU
		{0023026F-6EC3-440E-95E8-E0F8474AF50F}.AppStore|x64.Build.0 = Debug|Any CPU
		{0023026F-6EC3-440E-95E8-E0F8474AF50F}.AppStore|x86.ActiveCfg = Release|Any CPU
		{0023026F-6EC3-440E-95E8-E0F8474AF50F}.Debug|Any CPU.ActiveCfg = Debug|Any CPU
		{0023026F-6EC3-440E-95E8-E0F8474AF50F}.Debug|Any CPU.Build.0 = Debug|Any CPU
		{0023026F-6EC3-440E-95E8-E0F8474AF50F}.Debug|ARM.ActiveCfg = Debug|Any CPU
		{0023026F-6EC3-440E-95E8-E0F8474AF50F}.Debug|iPhone.ActiveCfg = Debug|Any CPU
		{0023026F-6EC3-440E-95E8-E0F8474AF50F}.Debug|iPhone.Build.0 = Debug|Any CPU
		{0023026F-6EC3-440E-95E8-E0F8474AF50F}.Debug|iPhoneSimulator.ActiveCfg = Debug|Any CPU
		{0023026F-6EC3-440E-95E8-E0F8474AF50F}.Debug|iPhoneSimulator.Build.0 = Debug|Any CPU
		{0023026F-6EC3-440E-95E8-E0F8474AF50F}.Debug|Mixed Platforms.ActiveCfg = Debug|Any CPU
		{0023026F-6EC3-440E-95E8-E0F8474AF50F}.Debug|Mixed Platforms.Build.0 = Debug|Any CPU
		{0023026F-6EC3-440E-95E8-E0F8474AF50F}.Debug|x64.ActiveCfg = Debug|Any CPU
		{0023026F-6EC3-440E-95E8-E0F8474AF50F}.Debug|x64.Build.0 = Debug|Any CPU
		{0023026F-6EC3-440E-95E8-E0F8474AF50F}.Debug|x86.ActiveCfg = Debug|Any CPU
		{0023026F-6EC3-440E-95E8-E0F8474AF50F}.Release|Any CPU.ActiveCfg = Release|Any CPU
		{0023026F-6EC3-440E-95E8-E0F8474AF50F}.Release|Any CPU.Build.0 = Release|Any CPU
		{0023026F-6EC3-440E-95E8-E0F8474AF50F}.Release|ARM.ActiveCfg = Release|Any CPU
		{0023026F-6EC3-440E-95E8-E0F8474AF50F}.Release|iPhone.ActiveCfg = Release|Any CPU
		{0023026F-6EC3-440E-95E8-E0F8474AF50F}.Release|iPhone.Build.0 = Release|Any CPU
		{0023026F-6EC3-440E-95E8-E0F8474AF50F}.Release|iPhoneSimulator.ActiveCfg = Release|Any CPU
		{0023026F-6EC3-440E-95E8-E0F8474AF50F}.Release|Mixed Platforms.ActiveCfg = Release|Any CPU
		{0023026F-6EC3-440E-95E8-E0F8474AF50F}.Release|Mixed Platforms.Build.0 = Release|Any CPU
		{0023026F-6EC3-440E-95E8-E0F8474AF50F}.Release|x64.ActiveCfg = Release|Any CPU
		{0023026F-6EC3-440E-95E8-E0F8474AF50F}.Release|x64.Build.0 = Release|Any CPU
		{0023026F-6EC3-440E-95E8-E0F8474AF50F}.Release|x86.ActiveCfg = Release|Any CPU
		{4E597702-BD96-40CA-A465-2D23D5492E50}.Ad-Hoc|Any CPU.ActiveCfg = Ad-Hoc|iPhone
		{4E597702-BD96-40CA-A465-2D23D5492E50}.Ad-Hoc|ARM.ActiveCfg = Ad-Hoc|iPhone
		{4E597702-BD96-40CA-A465-2D23D5492E50}.Ad-Hoc|iPhone.ActiveCfg = Ad-Hoc|iPhone
		{4E597702-BD96-40CA-A465-2D23D5492E50}.Ad-Hoc|iPhone.Build.0 = Ad-Hoc|iPhone
		{4E597702-BD96-40CA-A465-2D23D5492E50}.Ad-Hoc|iPhoneSimulator.ActiveCfg = Ad-Hoc|iPhoneSimulator
		{4E597702-BD96-40CA-A465-2D23D5492E50}.Ad-Hoc|iPhoneSimulator.Build.0 = Ad-Hoc|iPhoneSimulator
		{4E597702-BD96-40CA-A465-2D23D5492E50}.Ad-Hoc|Mixed Platforms.ActiveCfg = Ad-Hoc|iPhone
		{4E597702-BD96-40CA-A465-2D23D5492E50}.Ad-Hoc|Mixed Platforms.Build.0 = Ad-Hoc|iPhone
		{4E597702-BD96-40CA-A465-2D23D5492E50}.Ad-Hoc|x64.ActiveCfg = Ad-Hoc|iPhoneSimulator
		{4E597702-BD96-40CA-A465-2D23D5492E50}.Ad-Hoc|x86.ActiveCfg = Ad-Hoc|iPhone
		{4E597702-BD96-40CA-A465-2D23D5492E50}.AppStore|Any CPU.ActiveCfg = AppStore|iPhone
		{4E597702-BD96-40CA-A465-2D23D5492E50}.AppStore|ARM.ActiveCfg = AppStore|iPhone
		{4E597702-BD96-40CA-A465-2D23D5492E50}.AppStore|iPhone.ActiveCfg = AppStore|iPhone
		{4E597702-BD96-40CA-A465-2D23D5492E50}.AppStore|iPhone.Build.0 = AppStore|iPhone
		{4E597702-BD96-40CA-A465-2D23D5492E50}.AppStore|iPhoneSimulator.ActiveCfg = AppStore|iPhoneSimulator
		{4E597702-BD96-40CA-A465-2D23D5492E50}.AppStore|iPhoneSimulator.Build.0 = AppStore|iPhoneSimulator
		{4E597702-BD96-40CA-A465-2D23D5492E50}.AppStore|Mixed Platforms.ActiveCfg = AppStore|iPhone
		{4E597702-BD96-40CA-A465-2D23D5492E50}.AppStore|Mixed Platforms.Build.0 = AppStore|iPhone
		{4E597702-BD96-40CA-A465-2D23D5492E50}.AppStore|x64.ActiveCfg = AppStore|iPhoneSimulator
		{4E597702-BD96-40CA-A465-2D23D5492E50}.AppStore|x86.ActiveCfg = AppStore|iPhone
		{4E597702-BD96-40CA-A465-2D23D5492E50}.Debug|Any CPU.ActiveCfg = Debug|iPhone
		{4E597702-BD96-40CA-A465-2D23D5492E50}.Debug|ARM.ActiveCfg = Debug|iPhone
		{4E597702-BD96-40CA-A465-2D23D5492E50}.Debug|iPhone.ActiveCfg = Debug|iPhone
		{4E597702-BD96-40CA-A465-2D23D5492E50}.Debug|iPhone.Build.0 = Debug|iPhone
		{4E597702-BD96-40CA-A465-2D23D5492E50}.Debug|iPhoneSimulator.ActiveCfg = Debug|iPhoneSimulator
		{4E597702-BD96-40CA-A465-2D23D5492E50}.Debug|iPhoneSimulator.Build.0 = Debug|iPhoneSimulator
		{4E597702-BD96-40CA-A465-2D23D5492E50}.Debug|Mixed Platforms.ActiveCfg = Debug|iPhone
		{4E597702-BD96-40CA-A465-2D23D5492E50}.Debug|Mixed Platforms.Build.0 = Debug|iPhone
		{4E597702-BD96-40CA-A465-2D23D5492E50}.Debug|x64.ActiveCfg = Debug|iPhoneSimulator
		{4E597702-BD96-40CA-A465-2D23D5492E50}.Debug|x86.ActiveCfg = Debug|iPhone
		{4E597702-BD96-40CA-A465-2D23D5492E50}.Release|Any CPU.ActiveCfg = Release|iPhone
		{4E597702-BD96-40CA-A465-2D23D5492E50}.Release|ARM.ActiveCfg = Release|iPhone
		{4E597702-BD96-40CA-A465-2D23D5492E50}.Release|iPhone.ActiveCfg = Release|iPhone
		{4E597702-BD96-40CA-A465-2D23D5492E50}.Release|iPhone.Build.0 = Release|iPhone
		{4E597702-BD96-40CA-A465-2D23D5492E50}.Release|iPhoneSimulator.ActiveCfg = Release|iPhoneSimulator
		{4E597702-BD96-40CA-A465-2D23D5492E50}.Release|iPhoneSimulator.Build.0 = Release|iPhoneSimulator
		{4E597702-BD96-40CA-A465-2D23D5492E50}.Release|Mixed Platforms.ActiveCfg = Release|iPhone
		{4E597702-BD96-40CA-A465-2D23D5492E50}.Release|Mixed Platforms.Build.0 = Release|iPhone
		{4E597702-BD96-40CA-A465-2D23D5492E50}.Release|x64.ActiveCfg = Release|iPhoneSimulator
		{4E597702-BD96-40CA-A465-2D23D5492E50}.Release|x86.ActiveCfg = Release|iPhone
		{A5AE6530-E592-45A5-97E9-E99F4E1DDA98}.Ad-Hoc|Any CPU.ActiveCfg = Release|Any CPU
		{A5AE6530-E592-45A5-97E9-E99F4E1DDA98}.Ad-Hoc|Any CPU.Build.0 = Release|Any CPU
		{A5AE6530-E592-45A5-97E9-E99F4E1DDA98}.Ad-Hoc|Any CPU.Deploy.0 = Release|Any CPU
		{A5AE6530-E592-45A5-97E9-E99F4E1DDA98}.Ad-Hoc|ARM.ActiveCfg = Release|Any CPU
		{A5AE6530-E592-45A5-97E9-E99F4E1DDA98}.Ad-Hoc|iPhone.ActiveCfg = Release|Any CPU
		{A5AE6530-E592-45A5-97E9-E99F4E1DDA98}.Ad-Hoc|iPhoneSimulator.ActiveCfg = Release|Any CPU
		{A5AE6530-E592-45A5-97E9-E99F4E1DDA98}.Ad-Hoc|Mixed Platforms.ActiveCfg = Release|Any CPU
		{A5AE6530-E592-45A5-97E9-E99F4E1DDA98}.Ad-Hoc|Mixed Platforms.Build.0 = Release|Any CPU
		{A5AE6530-E592-45A5-97E9-E99F4E1DDA98}.Ad-Hoc|Mixed Platforms.Deploy.0 = Release|Any CPU
		{A5AE6530-E592-45A5-97E9-E99F4E1DDA98}.Ad-Hoc|x64.ActiveCfg = Debug|Any CPU
		{A5AE6530-E592-45A5-97E9-E99F4E1DDA98}.Ad-Hoc|x64.Build.0 = Debug|Any CPU
		{A5AE6530-E592-45A5-97E9-E99F4E1DDA98}.Ad-Hoc|x64.Deploy.0 = Debug|Any CPU
		{A5AE6530-E592-45A5-97E9-E99F4E1DDA98}.Ad-Hoc|x86.ActiveCfg = Release|Any CPU
		{A5AE6530-E592-45A5-97E9-E99F4E1DDA98}.AppStore|Any CPU.ActiveCfg = Release|Any CPU
		{A5AE6530-E592-45A5-97E9-E99F4E1DDA98}.AppStore|Any CPU.Build.0 = Release|Any CPU
		{A5AE6530-E592-45A5-97E9-E99F4E1DDA98}.AppStore|Any CPU.Deploy.0 = Release|Any CPU
		{A5AE6530-E592-45A5-97E9-E99F4E1DDA98}.AppStore|ARM.ActiveCfg = Release|Any CPU
		{A5AE6530-E592-45A5-97E9-E99F4E1DDA98}.AppStore|iPhone.ActiveCfg = Release|Any CPU
		{A5AE6530-E592-45A5-97E9-E99F4E1DDA98}.AppStore|iPhoneSimulator.ActiveCfg = Release|Any CPU
		{A5AE6530-E592-45A5-97E9-E99F4E1DDA98}.AppStore|Mixed Platforms.ActiveCfg = Release|Any CPU
		{A5AE6530-E592-45A5-97E9-E99F4E1DDA98}.AppStore|Mixed Platforms.Build.0 = Release|Any CPU
		{A5AE6530-E592-45A5-97E9-E99F4E1DDA98}.AppStore|Mixed Platforms.Deploy.0 = Release|Any CPU
		{A5AE6530-E592-45A5-97E9-E99F4E1DDA98}.AppStore|x64.ActiveCfg = Debug|Any CPU
		{A5AE6530-E592-45A5-97E9-E99F4E1DDA98}.AppStore|x64.Build.0 = Debug|Any CPU
		{A5AE6530-E592-45A5-97E9-E99F4E1DDA98}.AppStore|x64.Deploy.0 = Debug|Any CPU
		{A5AE6530-E592-45A5-97E9-E99F4E1DDA98}.AppStore|x86.ActiveCfg = Release|Any CPU
		{A5AE6530-E592-45A5-97E9-E99F4E1DDA98}.Debug|Any CPU.ActiveCfg = Debug|Any CPU
		{A5AE6530-E592-45A5-97E9-E99F4E1DDA98}.Debug|Any CPU.Build.0 = Debug|Any CPU
		{A5AE6530-E592-45A5-97E9-E99F4E1DDA98}.Debug|Any CPU.Deploy.0 = Debug|Any CPU
		{A5AE6530-E592-45A5-97E9-E99F4E1DDA98}.Debug|ARM.ActiveCfg = Debug|Any CPU
		{A5AE6530-E592-45A5-97E9-E99F4E1DDA98}.Debug|iPhone.ActiveCfg = Debug|Any CPU
		{A5AE6530-E592-45A5-97E9-E99F4E1DDA98}.Debug|iPhoneSimulator.ActiveCfg = Debug|Any CPU
		{A5AE6530-E592-45A5-97E9-E99F4E1DDA98}.Debug|Mixed Platforms.ActiveCfg = Debug|Any CPU
		{A5AE6530-E592-45A5-97E9-E99F4E1DDA98}.Debug|Mixed Platforms.Build.0 = Debug|Any CPU
		{A5AE6530-E592-45A5-97E9-E99F4E1DDA98}.Debug|Mixed Platforms.Deploy.0 = Debug|Any CPU
		{A5AE6530-E592-45A5-97E9-E99F4E1DDA98}.Debug|x64.ActiveCfg = Debug|Any CPU
		{A5AE6530-E592-45A5-97E9-E99F4E1DDA98}.Debug|x64.Build.0 = Debug|Any CPU
		{A5AE6530-E592-45A5-97E9-E99F4E1DDA98}.Debug|x64.Deploy.0 = Debug|Any CPU
		{A5AE6530-E592-45A5-97E9-E99F4E1DDA98}.Debug|x86.ActiveCfg = Debug|Any CPU
		{A5AE6530-E592-45A5-97E9-E99F4E1DDA98}.Release|Any CPU.ActiveCfg = Release|Any CPU
		{A5AE6530-E592-45A5-97E9-E99F4E1DDA98}.Release|Any CPU.Build.0 = Release|Any CPU
		{A5AE6530-E592-45A5-97E9-E99F4E1DDA98}.Release|Any CPU.Deploy.0 = Release|Any CPU
		{A5AE6530-E592-45A5-97E9-E99F4E1DDA98}.Release|ARM.ActiveCfg = Release|Any CPU
		{A5AE6530-E592-45A5-97E9-E99F4E1DDA98}.Release|iPhone.ActiveCfg = Release|Any CPU
		{A5AE6530-E592-45A5-97E9-E99F4E1DDA98}.Release|iPhoneSimulator.ActiveCfg = Release|Any CPU
		{A5AE6530-E592-45A5-97E9-E99F4E1DDA98}.Release|Mixed Platforms.ActiveCfg = Release|Any CPU
		{A5AE6530-E592-45A5-97E9-E99F4E1DDA98}.Release|Mixed Platforms.Build.0 = Release|Any CPU
		{A5AE6530-E592-45A5-97E9-E99F4E1DDA98}.Release|Mixed Platforms.Deploy.0 = Release|Any CPU
		{A5AE6530-E592-45A5-97E9-E99F4E1DDA98}.Release|x64.ActiveCfg = Release|Any CPU
		{A5AE6530-E592-45A5-97E9-E99F4E1DDA98}.Release|x64.Build.0 = Release|Any CPU
		{A5AE6530-E592-45A5-97E9-E99F4E1DDA98}.Release|x64.Deploy.0 = Release|Any CPU
		{A5AE6530-E592-45A5-97E9-E99F4E1DDA98}.Release|x86.ActiveCfg = Release|Any CPU
		{AD64AD72-FC89-4505-861D-1665E32B9867}.Ad-Hoc|Any CPU.ActiveCfg = Release|Any CPU
		{AD64AD72-FC89-4505-861D-1665E32B9867}.Ad-Hoc|Any CPU.Build.0 = Release|Any CPU
		{AD64AD72-FC89-4505-861D-1665E32B9867}.Ad-Hoc|Any CPU.Deploy.0 = Release|Any CPU
		{AD64AD72-FC89-4505-861D-1665E32B9867}.Ad-Hoc|ARM.ActiveCfg = Release|ARM
		{AD64AD72-FC89-4505-861D-1665E32B9867}.Ad-Hoc|ARM.Build.0 = Release|ARM
		{AD64AD72-FC89-4505-861D-1665E32B9867}.Ad-Hoc|ARM.Deploy.0 = Release|ARM
		{AD64AD72-FC89-4505-861D-1665E32B9867}.Ad-Hoc|iPhone.ActiveCfg = Release|Any CPU
		{AD64AD72-FC89-4505-861D-1665E32B9867}.Ad-Hoc|iPhoneSimulator.ActiveCfg = Release|Any CPU
		{AD64AD72-FC89-4505-861D-1665E32B9867}.Ad-Hoc|Mixed Platforms.ActiveCfg = Release|x86
		{AD64AD72-FC89-4505-861D-1665E32B9867}.Ad-Hoc|Mixed Platforms.Build.0 = Release|x86
		{AD64AD72-FC89-4505-861D-1665E32B9867}.Ad-Hoc|Mixed Platforms.Deploy.0 = Release|x86
		{AD64AD72-FC89-4505-861D-1665E32B9867}.Ad-Hoc|x64.ActiveCfg = Debug|Any CPU
		{AD64AD72-FC89-4505-861D-1665E32B9867}.Ad-Hoc|x64.Build.0 = Debug|Any CPU
		{AD64AD72-FC89-4505-861D-1665E32B9867}.Ad-Hoc|x64.Deploy.0 = Debug|Any CPU
		{AD64AD72-FC89-4505-861D-1665E32B9867}.Ad-Hoc|x86.ActiveCfg = Release|x86
		{AD64AD72-FC89-4505-861D-1665E32B9867}.Ad-Hoc|x86.Build.0 = Release|x86
		{AD64AD72-FC89-4505-861D-1665E32B9867}.Ad-Hoc|x86.Deploy.0 = Release|x86
		{AD64AD72-FC89-4505-861D-1665E32B9867}.AppStore|Any CPU.ActiveCfg = Release|Any CPU
		{AD64AD72-FC89-4505-861D-1665E32B9867}.AppStore|Any CPU.Build.0 = Release|Any CPU
		{AD64AD72-FC89-4505-861D-1665E32B9867}.AppStore|Any CPU.Deploy.0 = Release|Any CPU
		{AD64AD72-FC89-4505-861D-1665E32B9867}.AppStore|ARM.ActiveCfg = Release|ARM
		{AD64AD72-FC89-4505-861D-1665E32B9867}.AppStore|ARM.Build.0 = Release|ARM
		{AD64AD72-FC89-4505-861D-1665E32B9867}.AppStore|ARM.Deploy.0 = Release|ARM
		{AD64AD72-FC89-4505-861D-1665E32B9867}.AppStore|iPhone.ActiveCfg = Release|Any CPU
		{AD64AD72-FC89-4505-861D-1665E32B9867}.AppStore|iPhoneSimulator.ActiveCfg = Release|Any CPU
		{AD64AD72-FC89-4505-861D-1665E32B9867}.AppStore|Mixed Platforms.ActiveCfg = Release|x86
		{AD64AD72-FC89-4505-861D-1665E32B9867}.AppStore|Mixed Platforms.Build.0 = Release|x86
		{AD64AD72-FC89-4505-861D-1665E32B9867}.AppStore|Mixed Platforms.Deploy.0 = Release|x86
		{AD64AD72-FC89-4505-861D-1665E32B9867}.AppStore|x64.ActiveCfg = Debug|Any CPU
		{AD64AD72-FC89-4505-861D-1665E32B9867}.AppStore|x64.Build.0 = Debug|Any CPU
		{AD64AD72-FC89-4505-861D-1665E32B9867}.AppStore|x64.Deploy.0 = Debug|Any CPU
		{AD64AD72-FC89-4505-861D-1665E32B9867}.AppStore|x86.ActiveCfg = Release|x86
		{AD64AD72-FC89-4505-861D-1665E32B9867}.AppStore|x86.Build.0 = Release|x86
		{AD64AD72-FC89-4505-861D-1665E32B9867}.AppStore|x86.Deploy.0 = Release|x86
		{AD64AD72-FC89-4505-861D-1665E32B9867}.Debug|Any CPU.ActiveCfg = Debug|Any CPU
		{AD64AD72-FC89-4505-861D-1665E32B9867}.Debug|Any CPU.Build.0 = Debug|Any CPU
		{AD64AD72-FC89-4505-861D-1665E32B9867}.Debug|Any CPU.Deploy.0 = Debug|Any CPU
		{AD64AD72-FC89-4505-861D-1665E32B9867}.Debug|ARM.ActiveCfg = Debug|ARM
		{AD64AD72-FC89-4505-861D-1665E32B9867}.Debug|ARM.Build.0 = Debug|ARM
		{AD64AD72-FC89-4505-861D-1665E32B9867}.Debug|ARM.Deploy.0 = Debug|ARM
		{AD64AD72-FC89-4505-861D-1665E32B9867}.Debug|iPhone.ActiveCfg = Debug|Any CPU
		{AD64AD72-FC89-4505-861D-1665E32B9867}.Debug|iPhoneSimulator.ActiveCfg = Debug|Any CPU
		{AD64AD72-FC89-4505-861D-1665E32B9867}.Debug|Mixed Platforms.ActiveCfg = Debug|x86
		{AD64AD72-FC89-4505-861D-1665E32B9867}.Debug|Mixed Platforms.Build.0 = Debug|x86
		{AD64AD72-FC89-4505-861D-1665E32B9867}.Debug|Mixed Platforms.Deploy.0 = Debug|x86
		{AD64AD72-FC89-4505-861D-1665E32B9867}.Debug|x64.ActiveCfg = Debug|Any CPU
		{AD64AD72-FC89-4505-861D-1665E32B9867}.Debug|x64.Build.0 = Debug|Any CPU
		{AD64AD72-FC89-4505-861D-1665E32B9867}.Debug|x64.Deploy.0 = Debug|Any CPU
		{AD64AD72-FC89-4505-861D-1665E32B9867}.Debug|x86.ActiveCfg = Debug|x86
		{AD64AD72-FC89-4505-861D-1665E32B9867}.Debug|x86.Build.0 = Debug|x86
		{AD64AD72-FC89-4505-861D-1665E32B9867}.Debug|x86.Deploy.0 = Debug|x86
		{AD64AD72-FC89-4505-861D-1665E32B9867}.Release|Any CPU.ActiveCfg = Release|Any CPU
		{AD64AD72-FC89-4505-861D-1665E32B9867}.Release|Any CPU.Build.0 = Release|Any CPU
		{AD64AD72-FC89-4505-861D-1665E32B9867}.Release|Any CPU.Deploy.0 = Release|Any CPU
		{AD64AD72-FC89-4505-861D-1665E32B9867}.Release|ARM.ActiveCfg = Release|ARM
		{AD64AD72-FC89-4505-861D-1665E32B9867}.Release|ARM.Build.0 = Release|ARM
		{AD64AD72-FC89-4505-861D-1665E32B9867}.Release|ARM.Deploy.0 = Release|ARM
		{AD64AD72-FC89-4505-861D-1665E32B9867}.Release|iPhone.ActiveCfg = Release|Any CPU
		{AD64AD72-FC89-4505-861D-1665E32B9867}.Release|iPhoneSimulator.ActiveCfg = Release|Any CPU
		{AD64AD72-FC89-4505-861D-1665E32B9867}.Release|Mixed Platforms.ActiveCfg = Release|x86
		{AD64AD72-FC89-4505-861D-1665E32B9867}.Release|Mixed Platforms.Build.0 = Release|x86
		{AD64AD72-FC89-4505-861D-1665E32B9867}.Release|Mixed Platforms.Deploy.0 = Release|x86
		{AD64AD72-FC89-4505-861D-1665E32B9867}.Release|x64.ActiveCfg = Release|Any CPU
		{AD64AD72-FC89-4505-861D-1665E32B9867}.Release|x64.Build.0 = Release|Any CPU
		{AD64AD72-FC89-4505-861D-1665E32B9867}.Release|x64.Deploy.0 = Release|Any CPU
		{AD64AD72-FC89-4505-861D-1665E32B9867}.Release|x86.ActiveCfg = Release|x86
		{AD64AD72-FC89-4505-861D-1665E32B9867}.Release|x86.Build.0 = Release|x86
		{AD64AD72-FC89-4505-861D-1665E32B9867}.Release|x86.Deploy.0 = Release|x86
		{483B9EC0-BCC0-4DDC-9DD7-B13FFFC61663}.Ad-Hoc|Any CPU.ActiveCfg = Release|Any CPU
		{483B9EC0-BCC0-4DDC-9DD7-B13FFFC61663}.Ad-Hoc|Any CPU.Build.0 = Release|Any CPU
		{483B9EC0-BCC0-4DDC-9DD7-B13FFFC61663}.Ad-Hoc|Any CPU.Deploy.0 = Release|Any CPU
		{483B9EC0-BCC0-4DDC-9DD7-B13FFFC61663}.Ad-Hoc|ARM.ActiveCfg = Release|ARM
		{483B9EC0-BCC0-4DDC-9DD7-B13FFFC61663}.Ad-Hoc|ARM.Build.0 = Release|ARM
		{483B9EC0-BCC0-4DDC-9DD7-B13FFFC61663}.Ad-Hoc|ARM.Deploy.0 = Release|ARM
		{483B9EC0-BCC0-4DDC-9DD7-B13FFFC61663}.Ad-Hoc|iPhone.ActiveCfg = Release|Any CPU
		{483B9EC0-BCC0-4DDC-9DD7-B13FFFC61663}.Ad-Hoc|iPhone.Build.0 = Release|Any CPU
		{483B9EC0-BCC0-4DDC-9DD7-B13FFFC61663}.Ad-Hoc|iPhone.Deploy.0 = Release|Any CPU
		{483B9EC0-BCC0-4DDC-9DD7-B13FFFC61663}.Ad-Hoc|iPhoneSimulator.ActiveCfg = Release|Any CPU
		{483B9EC0-BCC0-4DDC-9DD7-B13FFFC61663}.Ad-Hoc|iPhoneSimulator.Build.0 = Release|Any CPU
		{483B9EC0-BCC0-4DDC-9DD7-B13FFFC61663}.Ad-Hoc|iPhoneSimulator.Deploy.0 = Release|Any CPU
		{483B9EC0-BCC0-4DDC-9DD7-B13FFFC61663}.Ad-Hoc|Mixed Platforms.ActiveCfg = Release|x86
		{483B9EC0-BCC0-4DDC-9DD7-B13FFFC61663}.Ad-Hoc|Mixed Platforms.Build.0 = Release|x86
		{483B9EC0-BCC0-4DDC-9DD7-B13FFFC61663}.Ad-Hoc|Mixed Platforms.Deploy.0 = Release|x86
		{483B9EC0-BCC0-4DDC-9DD7-B13FFFC61663}.Ad-Hoc|x64.ActiveCfg = Debug|Any CPU
		{483B9EC0-BCC0-4DDC-9DD7-B13FFFC61663}.Ad-Hoc|x64.Build.0 = Debug|Any CPU
		{483B9EC0-BCC0-4DDC-9DD7-B13FFFC61663}.Ad-Hoc|x64.Deploy.0 = Debug|Any CPU
		{483B9EC0-BCC0-4DDC-9DD7-B13FFFC61663}.Ad-Hoc|x86.ActiveCfg = Release|x86
		{483B9EC0-BCC0-4DDC-9DD7-B13FFFC61663}.Ad-Hoc|x86.Build.0 = Release|x86
		{483B9EC0-BCC0-4DDC-9DD7-B13FFFC61663}.Ad-Hoc|x86.Deploy.0 = Release|x86
		{483B9EC0-BCC0-4DDC-9DD7-B13FFFC61663}.AppStore|Any CPU.ActiveCfg = Release|Any CPU
		{483B9EC0-BCC0-4DDC-9DD7-B13FFFC61663}.AppStore|Any CPU.Build.0 = Release|Any CPU
		{483B9EC0-BCC0-4DDC-9DD7-B13FFFC61663}.AppStore|Any CPU.Deploy.0 = Release|Any CPU
		{483B9EC0-BCC0-4DDC-9DD7-B13FFFC61663}.AppStore|ARM.ActiveCfg = Release|ARM
		{483B9EC0-BCC0-4DDC-9DD7-B13FFFC61663}.AppStore|ARM.Build.0 = Release|ARM
		{483B9EC0-BCC0-4DDC-9DD7-B13FFFC61663}.AppStore|ARM.Deploy.0 = Release|ARM
		{483B9EC0-BCC0-4DDC-9DD7-B13FFFC61663}.AppStore|iPhone.ActiveCfg = Release|Any CPU
		{483B9EC0-BCC0-4DDC-9DD7-B13FFFC61663}.AppStore|iPhone.Build.0 = Release|Any CPU
		{483B9EC0-BCC0-4DDC-9DD7-B13FFFC61663}.AppStore|iPhone.Deploy.0 = Release|Any CPU
		{483B9EC0-BCC0-4DDC-9DD7-B13FFFC61663}.AppStore|iPhoneSimulator.ActiveCfg = Release|Any CPU
		{483B9EC0-BCC0-4DDC-9DD7-B13FFFC61663}.AppStore|iPhoneSimulator.Build.0 = Release|Any CPU
		{483B9EC0-BCC0-4DDC-9DD7-B13FFFC61663}.AppStore|iPhoneSimulator.Deploy.0 = Release|Any CPU
		{483B9EC0-BCC0-4DDC-9DD7-B13FFFC61663}.AppStore|Mixed Platforms.ActiveCfg = Release|x86
		{483B9EC0-BCC0-4DDC-9DD7-B13FFFC61663}.AppStore|Mixed Platforms.Build.0 = Release|x86
		{483B9EC0-BCC0-4DDC-9DD7-B13FFFC61663}.AppStore|Mixed Platforms.Deploy.0 = Release|x86
		{483B9EC0-BCC0-4DDC-9DD7-B13FFFC61663}.AppStore|x64.ActiveCfg = Debug|Any CPU
		{483B9EC0-BCC0-4DDC-9DD7-B13FFFC61663}.AppStore|x64.Build.0 = Debug|Any CPU
		{483B9EC0-BCC0-4DDC-9DD7-B13FFFC61663}.AppStore|x64.Deploy.0 = Debug|Any CPU
		{483B9EC0-BCC0-4DDC-9DD7-B13FFFC61663}.AppStore|x86.ActiveCfg = Release|x86
		{483B9EC0-BCC0-4DDC-9DD7-B13FFFC61663}.AppStore|x86.Build.0 = Release|x86
		{483B9EC0-BCC0-4DDC-9DD7-B13FFFC61663}.AppStore|x86.Deploy.0 = Release|x86
		{483B9EC0-BCC0-4DDC-9DD7-B13FFFC61663}.Debug|Any CPU.ActiveCfg = Debug|Any CPU
		{483B9EC0-BCC0-4DDC-9DD7-B13FFFC61663}.Debug|Any CPU.Build.0 = Debug|Any CPU
		{483B9EC0-BCC0-4DDC-9DD7-B13FFFC61663}.Debug|Any CPU.Deploy.0 = Debug|Any CPU
		{483B9EC0-BCC0-4DDC-9DD7-B13FFFC61663}.Debug|ARM.ActiveCfg = Debug|ARM
		{483B9EC0-BCC0-4DDC-9DD7-B13FFFC61663}.Debug|ARM.Build.0 = Debug|ARM
		{483B9EC0-BCC0-4DDC-9DD7-B13FFFC61663}.Debug|ARM.Deploy.0 = Debug|ARM
		{483B9EC0-BCC0-4DDC-9DD7-B13FFFC61663}.Debug|iPhone.ActiveCfg = Debug|Any CPU
		{483B9EC0-BCC0-4DDC-9DD7-B13FFFC61663}.Debug|iPhoneSimulator.ActiveCfg = Debug|Any CPU
		{483B9EC0-BCC0-4DDC-9DD7-B13FFFC61663}.Debug|iPhoneSimulator.Build.0 = Debug|Any CPU
		{483B9EC0-BCC0-4DDC-9DD7-B13FFFC61663}.Debug|iPhoneSimulator.Deploy.0 = Debug|Any CPU
		{483B9EC0-BCC0-4DDC-9DD7-B13FFFC61663}.Debug|Mixed Platforms.ActiveCfg = Debug|x86
		{483B9EC0-BCC0-4DDC-9DD7-B13FFFC61663}.Debug|Mixed Platforms.Build.0 = Debug|x86
		{483B9EC0-BCC0-4DDC-9DD7-B13FFFC61663}.Debug|Mixed Platforms.Deploy.0 = Debug|x86
		{483B9EC0-BCC0-4DDC-9DD7-B13FFFC61663}.Debug|x64.ActiveCfg = Debug|Any CPU
		{483B9EC0-BCC0-4DDC-9DD7-B13FFFC61663}.Debug|x64.Build.0 = Debug|Any CPU
		{483B9EC0-BCC0-4DDC-9DD7-B13FFFC61663}.Debug|x64.Deploy.0 = Debug|Any CPU
		{483B9EC0-BCC0-4DDC-9DD7-B13FFFC61663}.Debug|x86.ActiveCfg = Debug|x86
		{483B9EC0-BCC0-4DDC-9DD7-B13FFFC61663}.Debug|x86.Build.0 = Debug|x86
		{483B9EC0-BCC0-4DDC-9DD7-B13FFFC61663}.Debug|x86.Deploy.0 = Debug|x86
		{483B9EC0-BCC0-4DDC-9DD7-B13FFFC61663}.Release|Any CPU.ActiveCfg = Release|Any CPU
		{483B9EC0-BCC0-4DDC-9DD7-B13FFFC61663}.Release|Any CPU.Build.0 = Release|Any CPU
		{483B9EC0-BCC0-4DDC-9DD7-B13FFFC61663}.Release|Any CPU.Deploy.0 = Release|Any CPU
		{483B9EC0-BCC0-4DDC-9DD7-B13FFFC61663}.Release|ARM.ActiveCfg = Release|ARM
		{483B9EC0-BCC0-4DDC-9DD7-B13FFFC61663}.Release|ARM.Build.0 = Release|ARM
		{483B9EC0-BCC0-4DDC-9DD7-B13FFFC61663}.Release|ARM.Deploy.0 = Release|ARM
		{483B9EC0-BCC0-4DDC-9DD7-B13FFFC61663}.Release|iPhone.ActiveCfg = Release|Any CPU
		{483B9EC0-BCC0-4DDC-9DD7-B13FFFC61663}.Release|iPhoneSimulator.ActiveCfg = Release|Any CPU
		{483B9EC0-BCC0-4DDC-9DD7-B13FFFC61663}.Release|iPhoneSimulator.Build.0 = Release|Any CPU
		{483B9EC0-BCC0-4DDC-9DD7-B13FFFC61663}.Release|iPhoneSimulator.Deploy.0 = Release|Any CPU
		{483B9EC0-BCC0-4DDC-9DD7-B13FFFC61663}.Release|Mixed Platforms.ActiveCfg = Release|x86
		{483B9EC0-BCC0-4DDC-9DD7-B13FFFC61663}.Release|Mixed Platforms.Build.0 = Release|x86
		{483B9EC0-BCC0-4DDC-9DD7-B13FFFC61663}.Release|Mixed Platforms.Deploy.0 = Release|x86
		{483B9EC0-BCC0-4DDC-9DD7-B13FFFC61663}.Release|x64.ActiveCfg = Release|Any CPU
		{483B9EC0-BCC0-4DDC-9DD7-B13FFFC61663}.Release|x64.Build.0 = Release|Any CPU
		{483B9EC0-BCC0-4DDC-9DD7-B13FFFC61663}.Release|x64.Deploy.0 = Release|Any CPU
		{483B9EC0-BCC0-4DDC-9DD7-B13FFFC61663}.Release|x86.ActiveCfg = Release|x86
		{483B9EC0-BCC0-4DDC-9DD7-B13FFFC61663}.Release|x86.Build.0 = Release|x86
		{483B9EC0-BCC0-4DDC-9DD7-B13FFFC61663}.Release|x86.Deploy.0 = Release|x86
		{70EA53A0-87A1-4538-B107-8BFA550F38F6}.Ad-Hoc|Any CPU.ActiveCfg = Release|x86
		{70EA53A0-87A1-4538-B107-8BFA550F38F6}.Ad-Hoc|Any CPU.Build.0 = Release|x86
		{70EA53A0-87A1-4538-B107-8BFA550F38F6}.Ad-Hoc|Any CPU.Deploy.0 = Release|x86
		{70EA53A0-87A1-4538-B107-8BFA550F38F6}.Ad-Hoc|ARM.ActiveCfg = Release|ARM
		{70EA53A0-87A1-4538-B107-8BFA550F38F6}.Ad-Hoc|ARM.Build.0 = Release|ARM
		{70EA53A0-87A1-4538-B107-8BFA550F38F6}.Ad-Hoc|ARM.Deploy.0 = Release|ARM
		{70EA53A0-87A1-4538-B107-8BFA550F38F6}.Ad-Hoc|iPhone.ActiveCfg = Release|x86
		{70EA53A0-87A1-4538-B107-8BFA550F38F6}.Ad-Hoc|iPhone.Build.0 = Release|x86
		{70EA53A0-87A1-4538-B107-8BFA550F38F6}.Ad-Hoc|iPhone.Deploy.0 = Release|x86
		{70EA53A0-87A1-4538-B107-8BFA550F38F6}.Ad-Hoc|iPhoneSimulator.ActiveCfg = Release|x86
		{70EA53A0-87A1-4538-B107-8BFA550F38F6}.Ad-Hoc|iPhoneSimulator.Build.0 = Release|x86
		{70EA53A0-87A1-4538-B107-8BFA550F38F6}.Ad-Hoc|iPhoneSimulator.Deploy.0 = Release|x86
		{70EA53A0-87A1-4538-B107-8BFA550F38F6}.Ad-Hoc|Mixed Platforms.ActiveCfg = Release|x86
		{70EA53A0-87A1-4538-B107-8BFA550F38F6}.Ad-Hoc|Mixed Platforms.Build.0 = Release|x86
		{70EA53A0-87A1-4538-B107-8BFA550F38F6}.Ad-Hoc|Mixed Platforms.Deploy.0 = Release|x86
		{70EA53A0-87A1-4538-B107-8BFA550F38F6}.Ad-Hoc|x64.ActiveCfg = Release|x64
		{70EA53A0-87A1-4538-B107-8BFA550F38F6}.Ad-Hoc|x64.Build.0 = Release|x64
		{70EA53A0-87A1-4538-B107-8BFA550F38F6}.Ad-Hoc|x64.Deploy.0 = Release|x64
		{70EA53A0-87A1-4538-B107-8BFA550F38F6}.Ad-Hoc|x86.ActiveCfg = Release|x86
		{70EA53A0-87A1-4538-B107-8BFA550F38F6}.Ad-Hoc|x86.Build.0 = Release|x86
		{70EA53A0-87A1-4538-B107-8BFA550F38F6}.Ad-Hoc|x86.Deploy.0 = Release|x86
		{70EA53A0-87A1-4538-B107-8BFA550F38F6}.AppStore|Any CPU.ActiveCfg = Release|x86
		{70EA53A0-87A1-4538-B107-8BFA550F38F6}.AppStore|Any CPU.Build.0 = Release|x86
		{70EA53A0-87A1-4538-B107-8BFA550F38F6}.AppStore|Any CPU.Deploy.0 = Release|x86
		{70EA53A0-87A1-4538-B107-8BFA550F38F6}.AppStore|ARM.ActiveCfg = Release|ARM
		{70EA53A0-87A1-4538-B107-8BFA550F38F6}.AppStore|ARM.Build.0 = Release|ARM
		{70EA53A0-87A1-4538-B107-8BFA550F38F6}.AppStore|ARM.Deploy.0 = Release|ARM
		{70EA53A0-87A1-4538-B107-8BFA550F38F6}.AppStore|iPhone.ActiveCfg = Release|x86
		{70EA53A0-87A1-4538-B107-8BFA550F38F6}.AppStore|iPhone.Build.0 = Release|x86
		{70EA53A0-87A1-4538-B107-8BFA550F38F6}.AppStore|iPhone.Deploy.0 = Release|x86
		{70EA53A0-87A1-4538-B107-8BFA550F38F6}.AppStore|iPhoneSimulator.ActiveCfg = Release|x86
		{70EA53A0-87A1-4538-B107-8BFA550F38F6}.AppStore|iPhoneSimulator.Build.0 = Release|x86
		{70EA53A0-87A1-4538-B107-8BFA550F38F6}.AppStore|iPhoneSimulator.Deploy.0 = Release|x86
		{70EA53A0-87A1-4538-B107-8BFA550F38F6}.AppStore|Mixed Platforms.ActiveCfg = Release|x86
		{70EA53A0-87A1-4538-B107-8BFA550F38F6}.AppStore|Mixed Platforms.Build.0 = Release|x86
		{70EA53A0-87A1-4538-B107-8BFA550F38F6}.AppStore|Mixed Platforms.Deploy.0 = Release|x86
		{70EA53A0-87A1-4538-B107-8BFA550F38F6}.AppStore|x64.ActiveCfg = Release|x64
		{70EA53A0-87A1-4538-B107-8BFA550F38F6}.AppStore|x64.Build.0 = Release|x64
		{70EA53A0-87A1-4538-B107-8BFA550F38F6}.AppStore|x64.Deploy.0 = Release|x64
		{70EA53A0-87A1-4538-B107-8BFA550F38F6}.AppStore|x86.ActiveCfg = Release|x86
		{70EA53A0-87A1-4538-B107-8BFA550F38F6}.AppStore|x86.Build.0 = Release|x86
		{70EA53A0-87A1-4538-B107-8BFA550F38F6}.AppStore|x86.Deploy.0 = Release|x86
		{70EA53A0-87A1-4538-B107-8BFA550F38F6}.Debug|Any CPU.ActiveCfg = Debug|x86
		{70EA53A0-87A1-4538-B107-8BFA550F38F6}.Debug|Any CPU.Build.0 = Debug|x86
		{70EA53A0-87A1-4538-B107-8BFA550F38F6}.Debug|Any CPU.Deploy.0 = Debug|x86
		{70EA53A0-87A1-4538-B107-8BFA550F38F6}.Debug|ARM.ActiveCfg = Debug|ARM
		{70EA53A0-87A1-4538-B107-8BFA550F38F6}.Debug|ARM.Build.0 = Debug|ARM
		{70EA53A0-87A1-4538-B107-8BFA550F38F6}.Debug|ARM.Deploy.0 = Debug|ARM
		{70EA53A0-87A1-4538-B107-8BFA550F38F6}.Debug|iPhone.ActiveCfg = Debug|x86
		{70EA53A0-87A1-4538-B107-8BFA550F38F6}.Debug|iPhoneSimulator.ActiveCfg = Debug|x86
		{70EA53A0-87A1-4538-B107-8BFA550F38F6}.Debug|Mixed Platforms.ActiveCfg = Debug|x86
		{70EA53A0-87A1-4538-B107-8BFA550F38F6}.Debug|Mixed Platforms.Build.0 = Debug|x86
		{70EA53A0-87A1-4538-B107-8BFA550F38F6}.Debug|Mixed Platforms.Deploy.0 = Debug|x86
		{70EA53A0-87A1-4538-B107-8BFA550F38F6}.Debug|x64.ActiveCfg = Debug|x64
		{70EA53A0-87A1-4538-B107-8BFA550F38F6}.Debug|x64.Build.0 = Debug|x64
		{70EA53A0-87A1-4538-B107-8BFA550F38F6}.Debug|x64.Deploy.0 = Debug|x64
		{70EA53A0-87A1-4538-B107-8BFA550F38F6}.Debug|x86.ActiveCfg = Debug|x86
		{70EA53A0-87A1-4538-B107-8BFA550F38F6}.Debug|x86.Build.0 = Debug|x86
		{70EA53A0-87A1-4538-B107-8BFA550F38F6}.Debug|x86.Deploy.0 = Debug|x86
		{70EA53A0-87A1-4538-B107-8BFA550F38F6}.Release|Any CPU.ActiveCfg = Release|x86
		{70EA53A0-87A1-4538-B107-8BFA550F38F6}.Release|ARM.ActiveCfg = Release|ARM
		{70EA53A0-87A1-4538-B107-8BFA550F38F6}.Release|ARM.Build.0 = Release|ARM
		{70EA53A0-87A1-4538-B107-8BFA550F38F6}.Release|ARM.Deploy.0 = Release|ARM
		{70EA53A0-87A1-4538-B107-8BFA550F38F6}.Release|iPhone.ActiveCfg = Release|x86
		{70EA53A0-87A1-4538-B107-8BFA550F38F6}.Release|iPhoneSimulator.ActiveCfg = Release|x86
		{70EA53A0-87A1-4538-B107-8BFA550F38F6}.Release|Mixed Platforms.ActiveCfg = Release|x86
		{70EA53A0-87A1-4538-B107-8BFA550F38F6}.Release|Mixed Platforms.Build.0 = Release|x86
		{70EA53A0-87A1-4538-B107-8BFA550F38F6}.Release|Mixed Platforms.Deploy.0 = Release|x86
		{70EA53A0-87A1-4538-B107-8BFA550F38F6}.Release|x64.ActiveCfg = Release|x64
		{70EA53A0-87A1-4538-B107-8BFA550F38F6}.Release|x64.Build.0 = Release|x64
		{70EA53A0-87A1-4538-B107-8BFA550F38F6}.Release|x64.Deploy.0 = Release|x64
		{70EA53A0-87A1-4538-B107-8BFA550F38F6}.Release|x86.ActiveCfg = Release|x86
		{70EA53A0-87A1-4538-B107-8BFA550F38F6}.Release|x86.Build.0 = Release|x86
		{70EA53A0-87A1-4538-B107-8BFA550F38F6}.Release|x86.Deploy.0 = Release|x86
	EndGlobalSection
	GlobalSection(SolutionProperties) = preSolution
		HideSolutionNode = FALSE
	EndGlobalSection
EndGlobal
